// !$*UTF8*$!
{
	archiveVersion = 1;
	classes = {
	};
	objectVersion = 46;
	objects = {

/* Begin PBXBuildFile section */
		FC1EE4CC1E00ED380086238B /* DetailViewController.swift in Sources */ = {isa = PBXBuildFile; fileRef = FC1EE4CB1E00ED380086238B /* DetailViewController.swift */; };
		FC1EE4CE1E00F0550086238B /* DimmingPresentationController.swift in Sources */ = {isa = PBXBuildFile; fileRef = FC1EE4CD1E00F0550086238B /* DimmingPresentationController.swift */; };
		FC210AA11DDE942400E56FED /* AppDelegate.swift in Sources */ = {isa = PBXBuildFile; fileRef = FC210AA01DDE942400E56FED /* AppDelegate.swift */; };
		FC210AA31DDE942400E56FED /* SearchViewController.swift in Sources */ = {isa = PBXBuildFile; fileRef = FC210AA21DDE942400E56FED /* SearchViewController.swift */; };
		FC210AA61DDE942400E56FED /* Main.storyboard in Resources */ = {isa = PBXBuildFile; fileRef = FC210AA41DDE942400E56FED /* Main.storyboard */; };
		FC210AA81DDE942400E56FED /* Assets.xcassets in Resources */ = {isa = PBXBuildFile; fileRef = FC210AA71DDE942400E56FED /* Assets.xcassets */; };
		FC210AB31DDE9EDF00E56FED /* SearchResult.swift in Sources */ = {isa = PBXBuildFile; fileRef = FC210AB21DDE9EDF00E56FED /* SearchResult.swift */; };
		FC3665E51E001B540080E935 /* LoadingCell.xib in Resources */ = {isa = PBXBuildFile; fileRef = FC3665E41E001B540080E935 /* LoadingCell.xib */; };
		FC3665E71E00337E0080E935 /* UIImageView+DownloadImage.swift in Sources */ = {isa = PBXBuildFile; fileRef = FC3665E61E00337E0080E935 /* UIImageView+DownloadImage.swift */; };
		FC7DEB5D1DFE7CAD00EA63A7 /* SearchResultCell.xib in Resources */ = {isa = PBXBuildFile; fileRef = FC7DEB5C1DFE7CAD00EA63A7 /* SearchResultCell.xib */; };
		FC7DEB611DFE807500EA63A7 /* SearchResultCell.swift in Sources */ = {isa = PBXBuildFile; fileRef = FC7DEB601DFE807500EA63A7 /* SearchResultCell.swift */; };
		FC7DEB631DFE834F00EA63A7 /* NothingFoundCell.xib in Resources */ = {isa = PBXBuildFile; fileRef = FC7DEB621DFE834F00EA63A7 /* NothingFoundCell.xib */; };
		FCC9D57A1E077DFF00884DBB /* GradientView.swift in Sources */ = {isa = PBXBuildFile; fileRef = FCC9D5791E077DFF00884DBB /* GradientView.swift */; };
/* End PBXBuildFile section */

/* Begin PBXFileReference section */
		FC1EE4CB1E00ED380086238B /* DetailViewController.swift */ = {isa = PBXFileReference; fileEncoding = 4; lastKnownFileType = sourcecode.swift; path = DetailViewController.swift; sourceTree = "<group>"; };
		FC1EE4CD1E00F0550086238B /* DimmingPresentationController.swift */ = {isa = PBXFileReference; fileEncoding = 4; lastKnownFileType = sourcecode.swift; path = DimmingPresentationController.swift; sourceTree = "<group>"; };
		FC210A9D1DDE942400E56FED /* StoreSearch.app */ = {isa = PBXFileReference; explicitFileType = wrapper.application; includeInIndex = 0; path = StoreSearch.app; sourceTree = BUILT_PRODUCTS_DIR; };
		FC210AA01DDE942400E56FED /* AppDelegate.swift */ = {isa = PBXFileReference; lastKnownFileType = sourcecode.swift; path = AppDelegate.swift; sourceTree = "<group>"; };
		FC210AA21DDE942400E56FED /* SearchViewController.swift */ = {isa = PBXFileReference; lastKnownFileType = sourcecode.swift; path = SearchViewController.swift; sourceTree = "<group>"; };
		FC210AA51DDE942400E56FED /* Base */ = {isa = PBXFileReference; lastKnownFileType = file.storyboard; name = Base; path = Base.lproj/Main.storyboard; sourceTree = "<group>"; };
		FC210AA71DDE942400E56FED /* Assets.xcassets */ = {isa = PBXFileReference; lastKnownFileType = folder.assetcatalog; path = Assets.xcassets; sourceTree = "<group>"; };
		FC210AAC1DDE942400E56FED /* Info.plist */ = {isa = PBXFileReference; lastKnownFileType = text.plist.xml; path = Info.plist; sourceTree = "<group>"; };
		FC210AB21DDE9EDF00E56FED /* SearchResult.swift */ = {isa = PBXFileReference; fileEncoding = 4; lastKnownFileType = sourcecode.swift; path = SearchResult.swift; sourceTree = "<group>"; };
		FC3665E41E001B540080E935 /* LoadingCell.xib */ = {isa = PBXFileReference; fileEncoding = 4; lastKnownFileType = file.xib; path = LoadingCell.xib; sourceTree = "<group>"; };
		FC3665E61E00337E0080E935 /* UIImageView+DownloadImage.swift */ = {isa = PBXFileReference; fileEncoding = 4; lastKnownFileType = sourcecode.swift; path = "UIImageView+DownloadImage.swift"; sourceTree = "<group>"; };
		FC7DEB5C1DFE7CAD00EA63A7 /* SearchResultCell.xib */ = {isa = PBXFileReference; fileEncoding = 4; lastKnownFileType = file.xib; path = SearchResultCell.xib; sourceTree = "<group>"; };
		FC7DEB601DFE807500EA63A7 /* SearchResultCell.swift */ = {isa = PBXFileReference; fileEncoding = 4; lastKnownFileType = sourcecode.swift; path = SearchResultCell.swift; sourceTree = "<group>"; };
		FC7DEB621DFE834F00EA63A7 /* NothingFoundCell.xib */ = {isa = PBXFileReference; fileEncoding = 4; lastKnownFileType = file.xib; path = NothingFoundCell.xib; sourceTree = "<group>"; };
		FCC9D5791E077DFF00884DBB /* GradientView.swift */ = {isa = PBXFileReference; fileEncoding = 4; lastKnownFileType = sourcecode.swift; path = GradientView.swift; sourceTree = "<group>"; };
/* End PBXFileReference section */

/* Begin PBXFrameworksBuildPhase section */
		FC210A9A1DDE942400E56FED /* Frameworks */ = {
			isa = PBXFrameworksBuildPhase;
			buildActionMask = 2147483647;
			files = (
			);
			runOnlyForDeploymentPostprocessing = 0;
		};
/* End PBXFrameworksBuildPhase section */

/* Begin PBXGroup section */
		FC210A941DDE942300E56FED = {
			isa = PBXGroup;
			children = (
				FC210A9F1DDE942400E56FED /* StoreSearch */,
				FC210A9E1DDE942400E56FED /* Products */,
			);
			sourceTree = "<group>";
		};
		FC210A9E1DDE942400E56FED /* Products */ = {
			isa = PBXGroup;
			children = (
				FC210A9D1DDE942400E56FED /* StoreSearch.app */,
			);
			name = Products;
			sourceTree = "<group>";
		};
		FC210A9F1DDE942400E56FED /* StoreSearch */ = {
			isa = PBXGroup;
			children = (
				FC210AA01DDE942400E56FED /* AppDelegate.swift */,
				FC210AA21DDE942400E56FED /* SearchViewController.swift */,
				FC1EE4CB1E00ED380086238B /* DetailViewController.swift */,
				FC210AB21DDE9EDF00E56FED /* SearchResult.swift */,
				FC7DEB601DFE807500EA63A7 /* SearchResultCell.swift */,
				FC3665E61E00337E0080E935 /* UIImageView+DownloadImage.swift */,
				FC1EE4CD1E00F0550086238B /* DimmingPresentationController.swift */,
				FCC9D5791E077DFF00884DBB /* GradientView.swift */,
				FC210AA41DDE942400E56FED /* Main.storyboard */,
				FC210AA71DDE942400E56FED /* Assets.xcassets */,
				FC210AAC1DDE942400E56FED /* Info.plist */,
				FC7DEB5C1DFE7CAD00EA63A7 /* SearchResultCell.xib */,
				FC7DEB621DFE834F00EA63A7 /* NothingFoundCell.xib */,
				FC3665E41E001B540080E935 /* LoadingCell.xib */,
			);
			path = StoreSearch;
			sourceTree = "<group>";
		};
/* End PBXGroup section */

/* Begin PBXNativeTarget section */
		FC210A9C1DDE942400E56FED /* StoreSearch */ = {
			isa = PBXNativeTarget;
			buildConfigurationList = FC210AAF1DDE942400E56FED /* Build configuration list for PBXNativeTarget "StoreSearch" */;
			buildPhases = (
				FC210A991DDE942400E56FED /* Sources */,
				FC210A9A1DDE942400E56FED /* Frameworks */,
				FC210A9B1DDE942400E56FED /* Resources */,
			);
			buildRules = (
			);
			dependencies = (
			);
			name = StoreSearch;
			productName = StoreSearch;
			productReference = FC210A9D1DDE942400E56FED /* StoreSearch.app */;
			productType = "com.apple.product-type.application";
		};
/* End PBXNativeTarget section */

/* Begin PBXProject section */
		FC210A951DDE942400E56FED /* Project object */ = {
			isa = PBXProject;
			attributes = {
				LastSwiftUpdateCheck = 0810;
				LastUpgradeCheck = 0820;
				ORGANIZATIONNAME = "Tan Tran";
				TargetAttributes = {
					FC210A9C1DDE942400E56FED = {
						CreatedOnToolsVersion = 8.1;
						DevelopmentTeam = 9B9A8JD2BS;
						ProvisioningStyle = Automatic;
					};
				};
			};
			buildConfigurationList = FC210A981DDE942400E56FED /* Build configuration list for PBXProject "StoreSearch" */;
			compatibilityVersion = "Xcode 3.2";
			developmentRegion = English;
			hasScannedForEncodings = 0;
			knownRegions = (
				en,
				Base,
			);
			mainGroup = FC210A941DDE942300E56FED;
			productRefGroup = FC210A9E1DDE942400E56FED /* Products */;
			projectDirPath = "";
			projectRoot = "";
			targets = (
				FC210A9C1DDE942400E56FED /* StoreSearch */,
			);
		};
/* End PBXProject section */

/* Begin PBXResourcesBuildPhase section */
		FC210A9B1DDE942400E56FED /* Resources */ = {
			isa = PBXResourcesBuildPhase;
			buildActionMask = 2147483647;
			files = (
				FC210AA81DDE942400E56FED /* Assets.xcassets in Resources */,
				FC3665E51E001B540080E935 /* LoadingCell.xib in Resources */,
				FC7DEB5D1DFE7CAD00EA63A7 /* SearchResultCell.xib in Resources */,
				FC7DEB631DFE834F00EA63A7 /* NothingFoundCell.xib in Resources */,
				FC210AA61DDE942400E56FED /* Main.storyboard in Resources */,
			);
			runOnlyForDeploymentPostprocessing = 0;
		};
/* End PBXResourcesBuildPhase section */

/* Begin PBXSourcesBuildPhase section */
		FC210A991DDE942400E56FED /* Sources */ = {
			isa = PBXSourcesBuildPhase;
			buildActionMask = 2147483647;
			files = (
				FC210AA31DDE942400E56FED /* SearchViewController.swift in Sources */,
				FC1EE4CE1E00F0550086238B /* DimmingPresentationController.swift in Sources */,
				FC210AB31DDE9EDF00E56FED /* SearchResult.swift in Sources */,
				FC7DEB611DFE807500EA63A7 /* SearchResultCell.swift in Sources */,
				FC1EE4CC1E00ED380086238B /* DetailViewController.swift in Sources */,
				FC210AA11DDE942400E56FED /* AppDelegate.swift in Sources */,
				FCC9D57A1E077DFF00884DBB /* GradientView.swift in Sources */,
				FC3665E71E00337E0080E935 /* UIImageView+DownloadImage.swift in Sources */,
			);
			runOnlyForDeploymentPostprocessing = 0;
		};
/* End PBXSourcesBuildPhase section */

/* Begin PBXVariantGroup section */
		FC210AA41DDE942400E56FED /* Main.storyboard */ = {
			isa = PBXVariantGroup;
			children = (
				FC210AA51DDE942400E56FED /* Base */,
			);
			name = Main.storyboard;
			sourceTree = "<group>";
		};
/* End PBXVariantGroup section */

/* Begin XCBuildConfiguration section */
		FC210AAD1DDE942400E56FED /* Debug */ = {
			isa = XCBuildConfiguration;
			buildSettings = {
				ALWAYS_SEARCH_USER_PATHS = NO;
				CLANG_ANALYZER_NONNULL = YES;
				CLANG_CXX_LANGUAGE_STANDARD = "gnu++0x";
				CLANG_CXX_LIBRARY = "libc++";
				CLANG_ENABLE_MODULES = YES;
				CLANG_ENABLE_OBJC_ARC = YES;
				CLANG_WARN_BOOL_CONVERSION = YES;
				CLANG_WARN_CONSTANT_CONVERSION = YES;
				CLANG_WARN_DIRECT_OBJC_ISA_USAGE = YES_ERROR;
				CLANG_WARN_DOCUMENTATION_COMMENTS = YES;
				CLANG_WARN_EMPTY_BODY = YES;
				CLANG_WARN_ENUM_CONVERSION = YES;
				CLANG_WARN_INFINITE_RECURSION = YES;
				CLANG_WARN_INT_CONVERSION = YES;
				CLANG_WARN_OBJC_ROOT_CLASS = YES_ERROR;
				CLANG_WARN_SUSPICIOUS_MOVE = YES;
				CLANG_WARN_SUSPICIOUS_MOVES = YES;
				CLANG_WARN_UNREACHABLE_CODE = YES;
				CLANG_WARN__DUPLICATE_METHOD_MATCH = YES;
				"CODE_SIGN_IDENTITY[sdk=iphoneos*]" = "iPhone Developer";
				COPY_PHASE_STRIP = NO;
				DEBUG_INFORMATION_FORMAT = dwarf;
				ENABLE_STRICT_OBJC_MSGSEND = YES;
				ENABLE_TESTABILITY = YES;
				GCC_C_LANGUAGE_STANDARD = gnu99;
				GCC_DYNAMIC_NO_PIC = NO;
				GCC_NO_COMMON_BLOCKS = YES;
				GCC_OPTIMIZATION_LEVEL = 0;
				GCC_PREPROCESSOR_DEFINITIONS = (
					"DEBUG=1",
					"$(inherited)",
				);
				GCC_WARN_64_TO_32_BIT_CONVERSION = YES;
				GCC_WARN_ABOUT_RETURN_TYPE = YES_ERROR;
				GCC_WARN_UNDECLARED_SELECTOR = YES;
				GCC_WARN_UNINITIALIZED_AUTOS = YES_AGGRESSIVE;
				GCC_WARN_UNUSED_FUNCTION = YES;
				GCC_WARN_UNUSED_VARIABLE = YES;
				IPHONEOS_DEPLOYMENT_TARGET = 10.1;
				MTL_ENABLE_DEBUG_INFO = YES;
				ONLY_ACTIVE_ARCH = YES;
				SDKROOT = iphoneos;
				SWIFT_ACTIVE_COMPILATION_CONDITIONS = DEBUG;
				SWIFT_OPTIMIZATION_LEVEL = "-Onone";
			};
			name = Debug;
		};
		FC210AAE1DDE942400E56FED /* Release */ = {
			isa = XCBuildConfiguration;
			buildSettings = {
				ALWAYS_SEARCH_USER_PATHS = NO;
				CLANG_ANALYZER_NONNULL = YES;
				CLANG_CXX_LANGUAGE_STANDARD = "gnu++0x";
				CLANG_CXX_LIBRARY = "libc++";
				CLANG_ENABLE_MODULES = YES;
				CLANG_ENABLE_OBJC_ARC = YES;
				CLANG_WARN_BOOL_CONVERSION = YES;
				CLANG_WARN_CONSTANT_CONVERSION = YES;
				CLANG_WARN_DIRECT_OBJC_ISA_USAGE = YES_ERROR;
				CLANG_WARN_DOCUMENTATION_COMMENTS = YES;
				CLANG_WARN_EMPTY_BODY = YES;
				CLANG_WARN_ENUM_CONVERSION = YES;
				CLANG_WARN_INFINITE_RECURSION = YES;
				CLANG_WARN_INT_CONVERSION = YES;
				CLANG_WARN_OBJC_ROOT_CLASS = YES_ERROR;
				CLANG_WARN_SUSPICIOUS_MOVE = YES;
				CLANG_WARN_SUSPICIOUS_MOVES = YES;
				CLANG_WARN_UNREACHABLE_CODE = YES;
				CLANG_WARN__DUPLICATE_METHOD_MATCH = YES;
				"CODE_SIGN_IDENTITY[sdk=iphoneos*]" = "iPhone Developer";
				COPY_PHASE_STRIP = NO;
				DEBUG_INFORMATION_FORMAT = "dwarf-with-dsym";
				ENABLE_NS_ASSERTIONS = NO;
				ENABLE_STRICT_OBJC_MSGSEND = YES;
				GCC_C_LANGUAGE_STANDARD = gnu99;
				GCC_NO_COMMON_BLOCKS = YES;
				GCC_WARN_64_TO_32_BIT_CONVERSION = YES;
				GCC_WARN_ABOUT_RETURN_TYPE = YES_ERROR;
				GCC_WARN_UNDECLARED_SELECTOR = YES;
				GCC_WARN_UNINITIALIZED_AUTOS = YES_AGGRESSIVE;
				GCC_WARN_UNUSED_FUNCTION = YES;
				GCC_WARN_UNUSED_VARIABLE = YES;
				IPHONEOS_DEPLOYMENT_TARGET = 10.1;
				MTL_ENABLE_DEBUG_INFO = NO;
				SDKROOT = iphoneos;
				SWIFT_OPTIMIZATION_LEVEL = "-Owholemodule";
				VALIDATE_PRODUCT = YES;
			};
			name = Release;
		};
		FC210AB01DDE942400E56FED /* Debug */ = {
			isa = XCBuildConfiguration;
			buildSettings = {
				ASSETCATALOG_COMPILER_APPICON_NAME = AppIcon;
				DEVELOPMENT_TEAM = 9B9A8JD2BS;
				INFOPLIST_FILE = StoreSearch/Info.plist;
				LD_RUNPATH_SEARCH_PATHS = "$(inherited) @executable_path/Frameworks";
				PRODUCT_BUNDLE_IDENTIFIER = vn.edu.hust.tantran.StoreSearch;
				PRODUCT_NAME = "$(TARGET_NAME)";
				SWIFT_VERSION = 3.0;
			};
			name = Debug;
		};
		FC210AB11DDE942400E56FED /* Release */ = {
			isa = XCBuildConfiguration;
			buildSettings = {
				ASSETCATALOG_COMPILER_APPICON_NAME = AppIcon;
				DEVELOPMENT_TEAM = 9B9A8JD2BS;
				INFOPLIST_FILE = StoreSearch/Info.plist;
				LD_RUNPATH_SEARCH_PATHS = "$(inherited) @executable_path/Frameworks";
				PRODUCT_BUNDLE_IDENTIFIER = vn.edu.hust.tantran.StoreSearch;
				PRODUCT_NAME = "$(TARGET_NAME)";
				SWIFT_VERSION = 3.0;
			};
			name = Release;
		};
/* End XCBuildConfiguration section */

/* Begin XCConfigurationList section */
		FC210A981DDE942400E56FED /* Build configuration list for PBXProject "StoreSearch" */ = {
			isa = XCConfigurationList;
			buildConfigurations = (
				FC210AAD1DDE942400E56FED /* Debug */,
				FC210AAE1DDE942400E56FED /* Release */,
			);
			defaultConfigurationIsVisible = 0;
			defaultConfigurationName = Release;
		};
		FC210AAF1DDE942400E56FED /* Build configuration list for PBXNativeTarget "StoreSearch" */ = {
			isa = XCConfigurationList;
			buildConfigurations = (
				FC210AB01DDE942400E56FED /* Debug */,
				FC210AB11DDE942400E56FED /* Release */,
			);
			defaultConfigurationIsVisible = 0;
			defaultConfigurationName = Release;
		};
/* End XCConfigurationList section */
	};
	rootObject = FC210A951DDE942400E56FED /* Project object */;
}
